
Microsoft Visual Studio Solution File, Format Version 12.00
# Visual Studio 15
VisualStudioVersion = 15.0.26124.0
MinimumVisualStudioVersion = 15.0.26124.0
Project("{2150E333-8FDC-42A3-9474-1A3956D46DE8}") = "src", "src", "{BCB67EB0-5B74-40D9-8E0B-12856AE931EA}"
EndProject
Project("{FAE04EC0-301F-11D3-BF4B-00C04F79EFBC}") = "PalTracker", "src\PalTracker\PalTracker.csproj", "{6920177C-CBAE-4EBE-A4C6-C75E87926EBD}"
EndProject
Project("{2150E333-8FDC-42A3-9474-1A3956D46DE8}") = "test", "test", "{DB838E8A-6FC5-4CCE-8689-D72073DAE21D}"
EndProject
Project("{FAE04EC0-301F-11D3-BF4B-00C04F79EFBC}") = "PalTrackerTests", "test\PalTrackerTests\PalTrackerTests.csproj", "{FEBDA680-CCCB-4878-ADBB-3818972B543D}"
EndProject
Global
	GlobalSection(SolutionConfigurationPlatforms) = preSolution
		Debug|Any CPU = Debug|Any CPU
		Debug|x64 = Debug|x64
		Debug|x86 = Debug|x86
		Release|Any CPU = Release|Any CPU
		Release|x64 = Release|x64
		Release|x86 = Release|x86
	EndGlobalSection
	GlobalSection(SolutionProperties) = preSolution
		HideSolutionNode = FALSE
	EndGlobalSection
	GlobalSection(ProjectConfigurationPlatforms) = postSolution
		{6920177C-CBAE-4EBE-A4C6-C75E87926EBD}.Debug|Any CPU.ActiveCfg = Debug|Any CPU
		{6920177C-CBAE-4EBE-A4C6-C75E87926EBD}.Debug|Any CPU.Build.0 = Debug|Any CPU
		{6920177C-CBAE-4EBE-A4C6-C75E87926EBD}.Debug|x64.ActiveCfg = Debug|Any CPU
		{6920177C-CBAE-4EBE-A4C6-C75E87926EBD}.Debug|x64.Build.0 = Debug|Any CPU
		{6920177C-CBAE-4EBE-A4C6-C75E87926EBD}.Debug|x86.ActiveCfg = Debug|Any CPU
		{6920177C-CBAE-4EBE-A4C6-C75E87926EBD}.Debug|x86.Build.0 = Debug|Any CPU
		{6920177C-CBAE-4EBE-A4C6-C75E87926EBD}.Release|Any CPU.ActiveCfg = Release|Any CPU
		{6920177C-CBAE-4EBE-A4C6-C75E87926EBD}.Release|Any CPU.Build.0 = Release|Any CPU
		{6920177C-CBAE-4EBE-A4C6-C75E87926EBD}.Release|x64.ActiveCfg = Release|Any CPU
		{6920177C-CBAE-4EBE-A4C6-C75E87926EBD}.Release|x64.Build.0 = Release|Any CPU
		{6920177C-CBAE-4EBE-A4C6-C75E87926EBD}.Release|x86.ActiveCfg = Release|Any CPU
		{6920177C-CBAE-4EBE-A4C6-C75E87926EBD}.Release|x86.Build.0 = Release|Any CPU
		{FEBDA680-CCCB-4878-ADBB-3818972B543D}.Debug|Any CPU.ActiveCfg = Debug|Any CPU
		{FEBDA680-CCCB-4878-ADBB-3818972B543D}.Debug|Any CPU.Build.0 = Debug|Any CPU
		{FEBDA680-CCCB-4878-ADBB-3818972B543D}.Debug|x64.ActiveCfg = Debug|Any CPU
		{FEBDA680-CCCB-4878-ADBB-3818972B543D}.Debug|x64.Build.0 = Debug|Any CPU
		{FEBDA680-CCCB-4878-ADBB-3818972B543D}.Debug|x86.ActiveCfg = Debug|Any CPU
		{FEBDA680-CCCB-4878-ADBB-3818972B543D}.Debug|x86.Build.0 = Debug|Any CPU
		{FEBDA680-CCCB-4878-ADBB-3818972B543D}.Release|Any CPU.ActiveCfg = Release|Any CPU
		{FEBDA680-CCCB-4878-ADBB-3818972B543D}.Release|Any CPU.Build.0 = Release|Any CPU
		{FEBDA680-CCCB-4878-ADBB-3818972B543D}.Release|x64.ActiveCfg = Release|Any CPU
		{FEBDA680-CCCB-4878-ADBB-3818972B543D}.Release|x64.Build.0 = Release|Any CPU
		{FEBDA680-CCCB-4878-ADBB-3818972B543D}.Release|x86.ActiveCfg = Release|Any CPU
		{FEBDA680-CCCB-4878-ADBB-3818972B543D}.Release|x86.Build.0 = Release|Any CPU
	EndGlobalSection
	GlobalSection(NestedProjects) = preSolution
		{6920177C-CBAE-4EBE-A4C6-C75E87926EBD} = {BCB67EB0-5B74-40D9-8E0B-12856AE931EA}
		{FEBDA680-CCCB-4878-ADBB-3818972B543D} = {DB838E8A-6FC5-4CCE-8689-D72073DAE21D}
	EndGlobalSection
EndGlobal
